
Microsoft Visual Studio Solution File, Format Version 12.00
# Visual Studio Version 16
VisualStudioVersion = 16.0.30104.148
MinimumVisualStudioVersion = 10.0.40219.1
Project("{FAE04EC0-301F-11D3-BF4B-00C04F79EFBC}") = "MicroMap", "MicroMap\MicroMap.csproj", "{AB51EF39-89E5-4FC0-9785-8E6BE2613AB9}"
EndProject
Global
	GlobalSection(SolutionConfigurationPlatforms) = preSolution
		Debug|Any CPU = Debug|Any CPU
		Release|Any CPU = Release|Any CPU
	EndGlobalSection
	GlobalSection(ProjectConfigurationPlatforms) = postSolution
		{AB51EF39-89E5-4FC0-9785-8E6BE2613AB9}.Debug|Any CPU.ActiveCfg = Debug|Any CPU
		{AB51EF39-89E5-4FC0-9785-8E6BE2613AB9}.Debug|Any CPU.Build.0 = Debug|Any CPU
		{AB51EF39-89E5-4FC0-9785-8E6BE2613AB9}.Release|Any CPU.ActiveCfg = Release|Any CPU
		{AB51EF39-89E5-4FC0-9785-8E6BE2613AB9}.Release|Any CPU.Build.0 = Release|Any CPU
	EndGlobalSection
	GlobalSection(SolutionProperties) = preSolution
		HideSolutionNode = FALSE
	EndGlobalSection
	GlobalSection(ExtensibilityGlobals) = postSolution
		SolutionGuid = {144E6311-E3F9-450D-B73E-927CBCDC6C8F}
	EndGlobalSection
EndGlobal
